
Microsoft Visual Studio Solution File, Format Version 12.00
# Visual Studio Version 17
VisualStudioVersion = 17.14.36301.6 d17.14
MinimumVisualStudioVersion = 10.0.40219.1
Project("{FAE04EC0-301F-11D3-BF4B-00C04F79EFBC}") = "SalesWebMvc", "SalesWebMvc\SalesWebMvc.csproj", "{8B64143E-7CAE-46D9-8DD1-954F063897E3}"
EndProject
Global
	GlobalSection(SolutionConfigurationPlatforms) = preSolution
		Debug|Any CPU = Debug|Any CPU
		Release|Any CPU = Release|Any CPU
	EndGlobalSection
	GlobalSection(ProjectConfigurationPlatforms) = postSolution
		{8B64143E-7CAE-46D9-8DD1-954F063897E3}.Debug|Any CPU.ActiveCfg = Debug|Any CPU
		{8B64143E-7CAE-46D9-8DD1-954F063897E3}.Debug|Any CPU.Build.0 = Debug|Any CPU
		{8B64143E-7CAE-46D9-8DD1-954F063897E3}.Release|Any CPU.ActiveCfg = Release|Any CPU
		{8B64143E-7CAE-46D9-8DD1-954F063897E3}.Release|Any CPU.Build.0 = Release|Any CPU
	EndGlobalSection
	GlobalSection(SolutionProperties) = preSolution
		HideSolutionNode = FALSE
	EndGlobalSection
	GlobalSection(ExtensibilityGlobals) = postSolution
		SolutionGuid = {3A4AB671-9CF5-4A70-B05E-F5BC7C9A6BEA}
	EndGlobalSection
EndGlobal
